// !$*UTF8*$!
{
	archiveVersion = 1;
	classes = {
	};
	objectVersion = 46;
	objects = {

/* Begin PBXBuildFile section */
		0F18D8C91B2992F900460C94 /* alpha.png in Resources */ = {isa = PBXBuildFile; fileRef = 0F18D8C81B2992F900460C94 /* alpha.png */; };
		0F26DC9B1B242268004703F5 /* TodayTableViewController.m in Sources */ = {isa = PBXBuildFile; fileRef = 0F26DC9A1B242268004703F5 /* TodayTableViewController.m */; };
		0F294AC81B1B7EC0000CBE15 /* PostViewController.m in Sources */ = {isa = PBXBuildFile; fileRef = 0F294AC71B1B7EC0000CBE15 /* PostViewController.m */; };
		0F30B0071B2B7921004860EC /* MessageUI.framework in Frameworks */ = {isa = PBXBuildFile; fileRef = 0F30B0061B2B7921004860EC /* MessageUI.framework */; };
		0F79021C1B2B54FF00CC12E3 /* TipViewController.m in Sources */ = {isa = PBXBuildFile; fileRef = 0F79021B1B2B54FF00CC12E3 /* TipViewController.m */; };
		0FA987CE1B207BF8001A407A /* SplunkMint.framework in Frameworks */ = {isa = PBXBuildFile; fileRef = 0FA987CD1B207BF8001A407A /* SplunkMint.framework */; };
		0FA987D01B207C5A001A407A /* SystemConfiguration.framework in Frameworks */ = {isa = PBXBuildFile; fileRef = 0FA987CF1B207C5A001A407A /* SystemConfiguration.framework */; };
		0FA987D21B207C66001A407A /* CoreTelephony.framework in Frameworks */ = {isa = PBXBuildFile; fileRef = 0FA987D11B207C66001A407A /* CoreTelephony.framework */; };
		0FA987D41B207C70001A407A /* WebKit.framework in Frameworks */ = {isa = PBXBuildFile; fileRef = 0FA987D31B207C70001A407A /* WebKit.framework */; };
		0FA987D61B207C7F001A407A /* libz.dylib in Frameworks */ = {isa = PBXBuildFile; fileRef = 0FA987D51B207C7E001A407A /* libz.dylib */; };
		0FC527C71B0E118600F0AA44 /* main.m in Sources */ = {isa = PBXBuildFile; fileRef = 0FC527C61B0E118600F0AA44 /* main.m */; };
		0FC527CA1B0E118700F0AA44 /* AppDelegate.m in Sources */ = {isa = PBXBuildFile; fileRef = 0FC527C91B0E118700F0AA44 /* AppDelegate.m */; };
		0FC527CD1B0E118700F0AA44 /* ViewController.m in Sources */ = {isa = PBXBuildFile; fileRef = 0FC527CC1B0E118700F0AA44 /* ViewController.m */; };
		0FC527D01B0E118700F0AA44 /* Main.storyboard in Resources */ = {isa = PBXBuildFile; fileRef = 0FC527CE1B0E118700F0AA44 /* Main.storyboard */; };
		0FC527D21B0E118700F0AA44 /* Images.xcassets in Resources */ = {isa = PBXBuildFile; fileRef = 0FC527D11B0E118700F0AA44 /* Images.xcassets */; };
		0FC527D51B0E118700F0AA44 /* LaunchScreen.xib in Resources */ = {isa = PBXBuildFile; fileRef = 0FC527D31B0E118700F0AA44 /* LaunchScreen.xib */; };
		0FC527E11B0E118700F0AA44 /* iOSHackerTests.m in Sources */ = {isa = PBXBuildFile; fileRef = 0FC527E01B0E118700F0AA44 /* iOSHackerTests.m */; };
		0FF007B11B2421B5000CE24B /* NotificationCenter.framework in Frameworks */ = {isa = PBXBuildFile; fileRef = 0F46283B1B21CC120024A49A /* NotificationCenter.framework */; };
		0FF007B91B2421B5000CE24B /* MainInterface.storyboard in Resources */ = {isa = PBXBuildFile; fileRef = 0FF007B81B2421B5000CE24B /* MainInterface.storyboard */; };
		0FF007BC1B2421B5000CE24B /* iOSHackerToday.appex in Embed App Extensions */ = {isa = PBXBuildFile; fileRef = 0FF007B01B2421B5000CE24B /* iOSHackerToday.appex */; settings = {ATTRIBUTES = (RemoveHeadersOnCopy, ); }; };
		BC9ECFE51B29C4090025AC56 /* libsqlite3.dylib in Frameworks */ = {isa = PBXBuildFile; fileRef = BC9ECFE41B29C4090025AC56 /* libsqlite3.dylib */; };
		BC9ECFE81B29C4C80025AC56 /* DBManager.m in Sources */ = {isa = PBXBuildFile; fileRef = BC9ECFE71B29C4C80025AC56 /* DBManager.m */; };
		BC9ECFEA1B29D74E0025AC56 /* ioshacker.sql in Resources */ = {isa = PBXBuildFile; fileRef = BC9ECFE91B29D74E0025AC56 /* ioshacker.sql */; };
		BCAC9C291B2C58C000D53710 /* SplunkMint.framework in Frameworks */ = {isa = PBXBuildFile; fileRef = 0FA987CD1B207BF8001A407A /* SplunkMint.framework */; };
/* End PBXBuildFile section */

/* Begin PBXContainerItemProxy section */
		0FC527DB1B0E118700F0AA44 /* PBXContainerItemProxy */ = {
			isa = PBXContainerItemProxy;
			containerPortal = 0FC527B91B0E118600F0AA44 /* Project object */;
			proxyType = 1;
			remoteGlobalIDString = 0FC527C01B0E118600F0AA44;
			remoteInfo = iOSHacker;
		};
		0FF007BA1B2421B5000CE24B /* PBXContainerItemProxy */ = {
			isa = PBXContainerItemProxy;
			containerPortal = 0FC527B91B0E118600F0AA44 /* Project object */;
			proxyType = 1;
			remoteGlobalIDString = 0FF007AF1B2421B5000CE24B;
			remoteInfo = iOSHackerToday;
		};
/* End PBXContainerItemProxy section */

/* Begin PBXCopyFilesBuildPhase section */
		0F46284B1B21CC120024A49A /* Embed App Extensions */ = {
			isa = PBXCopyFilesBuildPhase;
			buildActionMask = 2147483647;
			dstPath = "";
			dstSubfolderSpec = 13;
			files = (
				0FF007BC1B2421B5000CE24B /* iOSHackerToday.appex in Embed App Extensions */,
			);
			name = "Embed App Extensions";
			runOnlyForDeploymentPostprocessing = 0;
		};
/* End PBXCopyFilesBuildPhase section */

/* Begin PBXFileReference section */
		0F18D8C81B2992F900460C94 /* alpha.png */ = {isa = PBXFileReference; lastKnownFileType = image.png; path = alpha.png; sourceTree = "<group>"; };
		0F26DC991B242268004703F5 /* TodayTableViewController.h */ = {isa = PBXFileReference; fileEncoding = 4; lastKnownFileType = sourcecode.c.h; path = TodayTableViewController.h; sourceTree = "<group>"; };
		0F26DC9A1B242268004703F5 /* TodayTableViewController.m */ = {isa = PBXFileReference; fileEncoding = 4; lastKnownFileType = sourcecode.c.objc; path = TodayTableViewController.m; sourceTree = "<group>"; };
		0F294AC61B1B7EC0000CBE15 /* PostViewController.h */ = {isa = PBXFileReference; fileEncoding = 4; lastKnownFileType = sourcecode.c.h; path = PostViewController.h; sourceTree = "<group>"; };
		0F294AC71B1B7EC0000CBE15 /* PostViewController.m */ = {isa = PBXFileReference; fileEncoding = 4; lastKnownFileType = sourcecode.c.objc; path = PostViewController.m; sourceTree = "<group>"; };
		0F30B0061B2B7921004860EC /* MessageUI.framework */ = {isa = PBXFileReference; lastKnownFileType = wrapper.framework; name = MessageUI.framework; path = System/Library/Frameworks/MessageUI.framework; sourceTree = SDKROOT; };
		0F46283B1B21CC120024A49A /* NotificationCenter.framework */ = {isa = PBXFileReference; lastKnownFileType = wrapper.framework; name = NotificationCenter.framework; path = System/Library/Frameworks/NotificationCenter.framework; sourceTree = SDKROOT; };
		0F79021A1B2B54FF00CC12E3 /* TipViewController.h */ = {isa = PBXFileReference; fileEncoding = 4; lastKnownFileType = sourcecode.c.h; path = TipViewController.h; sourceTree = "<group>"; };
		0F79021B1B2B54FF00CC12E3 /* TipViewController.m */ = {isa = PBXFileReference; fileEncoding = 4; lastKnownFileType = sourcecode.c.objc; path = TipViewController.m; sourceTree = "<group>"; };
		0FA987CD1B207BF8001A407A /* SplunkMint.framework */ = {isa = PBXFileReference; lastKnownFileType = wrapper.framework; name = SplunkMint.framework; path = ../../Downloads/SplunkMint.framework; sourceTree = "<group>"; };
		0FA987CF1B207C5A001A407A /* SystemConfiguration.framework */ = {isa = PBXFileReference; lastKnownFileType = wrapper.framework; name = SystemConfiguration.framework; path = System/Library/Frameworks/SystemConfiguration.framework; sourceTree = SDKROOT; };
		0FA987D11B207C66001A407A /* CoreTelephony.framework */ = {isa = PBXFileReference; lastKnownFileType = wrapper.framework; name = CoreTelephony.framework; path = System/Library/Frameworks/CoreTelephony.framework; sourceTree = SDKROOT; };
		0FA987D31B207C70001A407A /* WebKit.framework */ = {isa = PBXFileReference; lastKnownFileType = wrapper.framework; name = WebKit.framework; path = System/Library/Frameworks/WebKit.framework; sourceTree = SDKROOT; };
		0FA987D51B207C7E001A407A /* libz.dylib */ = {isa = PBXFileReference; lastKnownFileType = "compiled.mach-o.dylib"; name = libz.dylib; path = usr/lib/libz.dylib; sourceTree = SDKROOT; };
		0FC527C11B0E118600F0AA44 /* iOSHacker.app */ = {isa = PBXFileReference; explicitFileType = wrapper.application; includeInIndex = 0; path = iOSHacker.app; sourceTree = BUILT_PRODUCTS_DIR; };
		0FC527C51B0E118600F0AA44 /* Info.plist */ = {isa = PBXFileReference; lastKnownFileType = text.plist.xml; path = Info.plist; sourceTree = "<group>"; };
		0FC527C61B0E118600F0AA44 /* main.m */ = {isa = PBXFileReference; lastKnownFileType = sourcecode.c.objc; path = main.m; sourceTree = "<group>"; };
		0FC527C81B0E118600F0AA44 /* AppDelegate.h */ = {isa = PBXFileReference; lastKnownFileType = sourcecode.c.h; path = AppDelegate.h; sourceTree = "<group>"; };
		0FC527C91B0E118700F0AA44 /* AppDelegate.m */ = {isa = PBXFileReference; lastKnownFileType = sourcecode.c.objc; path = AppDelegate.m; sourceTree = "<group>"; };
		0FC527CB1B0E118700F0AA44 /* ViewController.h */ = {isa = PBXFileReference; lastKnownFileType = sourcecode.c.h; path = ViewController.h; sourceTree = "<group>"; };
		0FC527CC1B0E118700F0AA44 /* ViewController.m */ = {isa = PBXFileReference; lastKnownFileType = sourcecode.c.objc; path = ViewController.m; sourceTree = "<group>"; };
		0FC527CF1B0E118700F0AA44 /* Base */ = {isa = PBXFileReference; lastKnownFileType = file.storyboard; name = Base; path = Base.lproj/Main.storyboard; sourceTree = "<group>"; };
		0FC527D11B0E118700F0AA44 /* Images.xcassets */ = {isa = PBXFileReference; lastKnownFileType = folder.assetcatalog; path = Images.xcassets; sourceTree = "<group>"; };
		0FC527D41B0E118700F0AA44 /* Base */ = {isa = PBXFileReference; lastKnownFileType = file.xib; name = Base; path = Base.lproj/LaunchScreen.xib; sourceTree = "<group>"; };
		0FC527DA1B0E118700F0AA44 /* iOSHackerTests.xctest */ = {isa = PBXFileReference; explicitFileType = wrapper.cfbundle; includeInIndex = 0; path = iOSHackerTests.xctest; sourceTree = BUILT_PRODUCTS_DIR; };
		0FC527DF1B0E118700F0AA44 /* Info.plist */ = {isa = PBXFileReference; lastKnownFileType = text.plist.xml; path = Info.plist; sourceTree = "<group>"; };
		0FC527E01B0E118700F0AA44 /* iOSHackerTests.m */ = {isa = PBXFileReference; lastKnownFileType = sourcecode.c.objc; path = iOSHackerTests.m; sourceTree = "<group>"; };
		0FF007B01B2421B5000CE24B /* iOSHackerToday.appex */ = {isa = PBXFileReference; explicitFileType = "wrapper.app-extension"; includeInIndex = 0; path = iOSHackerToday.appex; sourceTree = BUILT_PRODUCTS_DIR; };
		0FF007B41B2421B5000CE24B /* Info.plist */ = {isa = PBXFileReference; lastKnownFileType = text.plist.xml; path = Info.plist; sourceTree = "<group>"; };
		0FF007B81B2421B5000CE24B /* MainInterface.storyboard */ = {isa = PBXFileReference; lastKnownFileType = file.storyboard; path = MainInterface.storyboard; sourceTree = "<group>"; };
		BC9ECFE41B29C4090025AC56 /* libsqlite3.dylib */ = {isa = PBXFileReference; lastKnownFileType = "compiled.mach-o.dylib"; name = libsqlite3.dylib; path = usr/lib/libsqlite3.dylib; sourceTree = SDKROOT; };
		BC9ECFE61B29C4C80025AC56 /* DBManager.h */ = {isa = PBXFileReference; fileEncoding = 4; lastKnownFileType = sourcecode.c.h; name = DBManager.h; path = ../DBManager.h; sourceTree = "<group>"; };
		BC9ECFE71B29C4C80025AC56 /* DBManager.m */ = {isa = PBXFileReference; fileEncoding = 4; lastKnownFileType = sourcecode.c.objc; name = DBManager.m; path = ../DBManager.m; sourceTree = "<group>"; };
		BC9ECFE91B29D74E0025AC56 /* ioshacker.sql */ = {isa = PBXFileReference; lastKnownFileType = file; path = ioshacker.sql; sourceTree = "<group>"; };
/* End PBXFileReference section */

/* Begin PBXFrameworksBuildPhase section */
		0FC527BE1B0E118600F0AA44 /* Frameworks */ = {
			isa = PBXFrameworksBuildPhase;
			buildActionMask = 2147483647;
			files = (
				0F30B0071B2B7921004860EC /* MessageUI.framework in Frameworks */,
				0FA987D61B207C7F001A407A /* libz.dylib in Frameworks */,
				0FA987D41B207C70001A407A /* WebKit.framework in Frameworks */,
				0FA987D21B207C66001A407A /* CoreTelephony.framework in Frameworks */,
				0FA987D01B207C5A001A407A /* SystemConfiguration.framework in Frameworks */,
			);
			runOnlyForDeploymentPostprocessing = 0;
		};
		0FC527D71B0E118700F0AA44 /* Frameworks */ = {
			isa = PBXFrameworksBuildPhase;
			buildActionMask = 2147483647;
			files = (
			);
			runOnlyForDeploymentPostprocessing = 0;
		};
		0FF007AD1B2421B5000CE24B /* Frameworks */ = {
			isa = PBXFrameworksBuildPhase;
			buildActionMask = 2147483647;
			files = (
				0FF007B11B2421B5000CE24B /* NotificationCenter.framework in Frameworks */,
			);
			runOnlyForDeploymentPostprocessing = 0;
		};
/* End PBXFrameworksBuildPhase section */

/* Begin PBXGroup section */
		0F46283A1B21CC120024A49A /* Frameworks */ = {
			isa = PBXGroup;
			children = (
				0F30B0061B2B7921004860EC /* MessageUI.framework */,
				0F46283B1B21CC120024A49A /* NotificationCenter.framework */,
			);
			name = Frameworks;
			sourceTree = "<group>";
		};
		0FC527B81B0E118600F0AA44 = {
			isa = PBXGroup;
			children = (
				0FA987D51B207C7E001A407A /* libz.dylib */,
				0FA987D31B207C70001A407A /* WebKit.framework */,
				0FA987D11B207C66001A407A /* CoreTelephony.framework */,
				0FA987CF1B207C5A001A407A /* SystemConfiguration.framework */,
				0FA987CD1B207BF8001A407A /* SplunkMint.framework */,
				0FC527C31B0E118600F0AA44 /* iOSHacker */,
				0FC527DD1B0E118700F0AA44 /* iOSHackerTests */,
				0FF007B21B2421B5000CE24B /* iOSHackerToday */,
				0F46283A1B21CC120024A49A /* Frameworks */,
				0FC527C21B0E118600F0AA44 /* Products */,
			);
			sourceTree = "<group>";
		};
		0FC527C21B0E118600F0AA44 /* Products */ = {
			isa = PBXGroup;
			children = (
				0FC527C11B0E118600F0AA44 /* iOSHacker.app */,
				0FC527DA1B0E118700F0AA44 /* iOSHackerTests.xctest */,
				0FF007B01B2421B5000CE24B /* iOSHackerToday.appex */,
			);
			name = Products;
			sourceTree = "<group>";
		};
		0FC527C31B0E118600F0AA44 /* iOSHacker */ = {
			isa = PBXGroup;
			children = (
				BC9ECFE61B29C4C80025AC56 /* DBManager.h */,
				BC9ECFE71B29C4C80025AC56 /* DBManager.m */,
				BC9ECFE91B29D74E0025AC56 /* ioshacker.sql */,
				0FC527C81B0E118600F0AA44 /* AppDelegate.h */,
				0FC527C91B0E118700F0AA44 /* AppDelegate.m */,
				0FC527CB1B0E118700F0AA44 /* ViewController.h */,
				0FC527CC1B0E118700F0AA44 /* ViewController.m */,
				0FC527CE1B0E118700F0AA44 /* Main.storyboard */,
				0F79021A1B2B54FF00CC12E3 /* TipViewController.h */,
				0F79021B1B2B54FF00CC12E3 /* TipViewController.m */,
				0F294AC61B1B7EC0000CBE15 /* PostViewController.h */,
				0F294AC71B1B7EC0000CBE15 /* PostViewController.m */,
				0FC527D11B0E118700F0AA44 /* Images.xcassets */,
				0FC527D31B0E118700F0AA44 /* LaunchScreen.xib */,
				0FC527C41B0E118600F0AA44 /* Supporting Files */,
			);
			path = iOSHacker;
			sourceTree = "<group>";
		};
		0FC527C41B0E118600F0AA44 /* Supporting Files */ = {
			isa = PBXGroup;
			children = (
				0FC527C51B0E118600F0AA44 /* Info.plist */,
				0FC527C61B0E118600F0AA44 /* main.m */,
			);
			name = "Supporting Files";
			sourceTree = "<group>";
		};
		0FC527DD1B0E118700F0AA44 /* iOSHackerTests */ = {
			isa = PBXGroup;
			children = (
				0FC527E01B0E118700F0AA44 /* iOSHackerTests.m */,
				0FC527DE1B0E118700F0AA44 /* Supporting Files */,
			);
			path = iOSHackerTests;
			sourceTree = "<group>";
		};
		0FC527DE1B0E118700F0AA44 /* Supporting Files */ = {
			isa = PBXGroup;
			children = (
				0FC527DF1B0E118700F0AA44 /* Info.plist */,
			);
			name = "Supporting Files";
			sourceTree = "<group>";
		};
		0FF007B21B2421B5000CE24B /* iOSHackerToday */ = {
			isa = PBXGroup;
			children = (
				0FF007B81B2421B5000CE24B /* MainInterface.storyboard */,
				0F26DC991B242268004703F5 /* TodayTableViewController.h */,
				0F26DC9A1B242268004703F5 /* TodayTableViewController.m */,
				0FF007B31B2421B5000CE24B /* Supporting Files */,
			);
			path = iOSHackerToday;
			sourceTree = "<group>";
		};
		0FF007B31B2421B5000CE24B /* Supporting Files */ = {
			isa = PBXGroup;
			children = (
				0F18D8C81B2992F900460C94 /* alpha.png */,
				0FF007B41B2421B5000CE24B /* Info.plist */,
			);
			name = "Supporting Files";
			sourceTree = "<group>";
		};
/* End PBXGroup section */

/* Begin PBXNativeTarget section */
		0FC527C01B0E118600F0AA44 /* iOSHacker */ = {
			isa = PBXNativeTarget;
			buildConfigurationList = 0FC527E41B0E118700F0AA44 /* Build configuration list for PBXNativeTarget "iOSHacker" */;
			buildPhases = (
				0FC527BD1B0E118600F0AA44 /* Sources */,
				0FC527BE1B0E118600F0AA44 /* Frameworks */,
				0FC527BF1B0E118600F0AA44 /* Resources */,
				0F46284B1B21CC120024A49A /* Embed App Extensions */,
			);
			buildRules = (
			);
			dependencies = (
				0FF007BB1B2421B5000CE24B /* PBXTargetDependency */,
			);
			name = iOSHacker;
			productName = iOSHacker;
			productReference = 0FC527C11B0E118600F0AA44 /* iOSHacker.app */;
			productType = "com.apple.product-type.application";
		};
		0FC527D91B0E118700F0AA44 /* iOSHackerTests */ = {
			isa = PBXNativeTarget;
			buildConfigurationList = 0FC527E71B0E118700F0AA44 /* Build configuration list for PBXNativeTarget "iOSHackerTests" */;
			buildPhases = (
				0FC527D61B0E118700F0AA44 /* Sources */,
				0FC527D71B0E118700F0AA44 /* Frameworks */,
				0FC527D81B0E118700F0AA44 /* Resources */,
			);
			buildRules = (
			);
			dependencies = (
				0FC527DC1B0E118700F0AA44 /* PBXTargetDependency */,
			);
			name = iOSHackerTests;
			productName = iOSHackerTests;
			productReference = 0FC527DA1B0E118700F0AA44 /* iOSHackerTests.xctest */;
			productType = "com.apple.product-type.bundle.unit-test";
		};
		0FF007AF1B2421B5000CE24B /* iOSHackerToday */ = {
			isa = PBXNativeTarget;
			buildConfigurationList = 0FF007BD1B2421B5000CE24B /* Build configuration list for PBXNativeTarget "iOSHackerToday" */;
			buildPhases = (
				0FF007AC1B2421B5000CE24B /* Sources */,
				0FF007AD1B2421B5000CE24B /* Frameworks */,
				0FF007AE1B2421B5000CE24B /* Resources */,
			);
			buildRules = (
			);
			dependencies = (
			);
			name = iOSHackerToday;
			productName = iOSHackerToday;
			productReference = 0FF007B01B2421B5000CE24B /* iOSHackerToday.appex */;
			productType = "com.apple.product-type.app-extension";
		};
/* End PBXNativeTarget section */

/* Begin PBXProject section */
		0FC527B91B0E118600F0AA44 /* Project object */ = {
			isa = PBXProject;
			attributes = {
				LastUpgradeCheck = 0630;
				TargetAttributes = {
					0FC527C01B0E118600F0AA44 = {
						CreatedOnToolsVersion = 6.3.1;
					};
					0FC527D91B0E118700F0AA44 = {
						CreatedOnToolsVersion = 6.3.1;
						TestTargetID = 0FC527C01B0E118600F0AA44;
					};
					0FF007AF1B2421B5000CE24B = {
						CreatedOnToolsVersion = 6.4;
					};
				};
			};
			buildConfigurationList = 0FC527BC1B0E118600F0AA44 /* Build configuration list for PBXProject "iOSHacker" */;
			compatibilityVersion = "Xcode 3.2";
			developmentRegion = English;
			hasScannedForEncodings = 0;
			knownRegions = (
				en,
				Base,
			);
			mainGroup = 0FC527B81B0E118600F0AA44;
			productRefGroup = 0FC527C21B0E118600F0AA44 /* Products */;
			projectDirPath = "";
			projectRoot = "";
			targets = (
				0FC527C01B0E118600F0AA44 /* iOSHacker */,
				0FC527D91B0E118700F0AA44 /* iOSHackerTests */,
				0FF007AF1B2421B5000CE24B /* iOSHackerToday */,
			);
		};
/* End PBXProject section */

/* Begin PBXResourcesBuildPhase section */
		0FC527BF1B0E118600F0AA44 /* Resources */ = {
			isa = PBXResourcesBuildPhase;
			buildActionMask = 2147483647;
			files = (
				BC9ECFEA1B29D74E0025AC56 /* ioshacker.sql in Resources */,
				0FC527D01B0E118700F0AA44 /* Main.storyboard in Resources */,
				0FC527D51B0E118700F0AA44 /* LaunchScreen.xib in Resources */,
				0FC527D21B0E118700F0AA44 /* Images.xcassets in Resources */,
			);
			runOnlyForDeploymentPostprocessing = 0;
		};
		0FC527D81B0E118700F0AA44 /* Resources */ = {
			isa = PBXResourcesBuildPhase;
			buildActionMask = 2147483647;
			files = (
			);
			runOnlyForDeploymentPostprocessing = 0;
		};
		0FF007AE1B2421B5000CE24B /* Resources */ = {
			isa = PBXResourcesBuildPhase;
			buildActionMask = 2147483647;
			files = (
				0F18D8C91B2992F900460C94 /* alpha.png in Resources */,
				0FF007B91B2421B5000CE24B /* MainInterface.storyboard in Resources */,
			);
			runOnlyForDeploymentPostprocessing = 0;
		};
/* End PBXResourcesBuildPhase section */

/* Begin PBXSourcesBuildPhase section */
		0FC527BD1B0E118600F0AA44 /* Sources */ = {
			isa = PBXSourcesBuildPhase;
			buildActionMask = 2147483647;
			files = (
				0F79021C1B2B54FF00CC12E3 /* TipViewController.m in Sources */,
				0F294AC81B1B7EC0000CBE15 /* PostViewController.m in Sources */,
				0FC527CD1B0E118700F0AA44 /* ViewController.m in Sources */,
				0FC527CA1B0E118700F0AA44 /* AppDelegate.m in Sources */,
				0FC527C71B0E118600F0AA44 /* main.m in Sources */,
				BC9ECFE81B29C4C80025AC56 /* DBManager.m in Sources */,
			);
			runOnlyForDeploymentPostprocessing = 0;
		};
		0FC527D61B0E118700F0AA44 /* Sources */ = {
			isa = PBXSourcesBuildPhase;
			buildActionMask = 2147483647;
			files = (
				0FC527E11B0E118700F0AA44 /* iOSHackerTests.m in Sources */,
			);
			runOnlyForDeploymentPostprocessing = 0;
		};
		0FF007AC1B2421B5000CE24B /* Sources */ = {
			isa = PBXSourcesBuildPhase;
			buildActionMask = 2147483647;
			files = (
				0F26DC9B1B242268004703F5 /* TodayTableViewController.m in Sources */,
			);
			runOnlyForDeploymentPostprocessing = 0;
		};
/* End PBXSourcesBuildPhase section */

/* Begin PBXTargetDependency section */
		0FC527DC1B0E118700F0AA44 /* PBXTargetDependency */ = {
			isa = PBXTargetDependency;
			target = 0FC527C01B0E118600F0AA44 /* iOSHacker */;
			targetProxy = 0FC527DB1B0E118700F0AA44 /* PBXContainerItemProxy */;
		};
		0FF007BB1B2421B5000CE24B /* PBXTargetDependency */ = {
			isa = PBXTargetDependency;
			target = 0FF007AF1B2421B5000CE24B /* iOSHackerToday */;
			targetProxy = 0FF007BA1B2421B5000CE24B /* PBXContainerItemProxy */;
		};
/* End PBXTargetDependency section */

/* Begin PBXVariantGroup section */
		0FC527CE1B0E118700F0AA44 /* Main.storyboard */ = {
			isa = PBXVariantGroup;
			children = (
				0FC527CF1B0E118700F0AA44 /* Base */,
			);
			name = Main.storyboard;
			sourceTree = "<group>";
		};
		0FC527D31B0E118700F0AA44 /* LaunchScreen.xib */ = {
			isa = PBXVariantGroup;
			children = (
				0FC527D41B0E118700F0AA44 /* Base */,
			);
			name = LaunchScreen.xib;
			sourceTree = "<group>";
		};
/* End PBXVariantGroup section */

/* Begin XCBuildConfiguration section */
		0FC527E21B0E118700F0AA44 /* Debug */ = {
			isa = XCBuildConfiguration;
			buildSettings = {
				ALWAYS_SEARCH_USER_PATHS = NO;
				CLANG_CXX_LANGUAGE_STANDARD = "gnu++0x";
				CLANG_CXX_LIBRARY = "libc++";
				CLANG_ENABLE_MODULES = YES;
				CLANG_ENABLE_OBJC_ARC = YES;
				CLANG_WARN_BOOL_CONVERSION = YES;
				CLANG_WARN_CONSTANT_CONVERSION = YES;
				CLANG_WARN_DIRECT_OBJC_ISA_USAGE = YES_ERROR;
				CLANG_WARN_EMPTY_BODY = YES;
				CLANG_WARN_ENUM_CONVERSION = YES;
				CLANG_WARN_INT_CONVERSION = YES;
				CLANG_WARN_OBJC_ROOT_CLASS = YES_ERROR;
				CLANG_WARN_UNREACHABLE_CODE = YES;
				CLANG_WARN__DUPLICATE_METHOD_MATCH = YES;
				"CODE_SIGN_IDENTITY[sdk=iphoneos*]" = "iPhone Developer";
				COPY_PHASE_STRIP = NO;
				DEBUG_INFORMATION_FORMAT = "dwarf-with-dsym";
				ENABLE_STRICT_OBJC_MSGSEND = YES;
				GCC_C_LANGUAGE_STANDARD = gnu99;
				GCC_DYNAMIC_NO_PIC = NO;
				GCC_NO_COMMON_BLOCKS = YES;
				GCC_OPTIMIZATION_LEVEL = 0;
				GCC_PREPROCESSOR_DEFINITIONS = (
					"DEBUG=1",
					"$(inherited)",
				);
				GCC_SYMBOLS_PRIVATE_EXTERN = NO;
				GCC_WARN_64_TO_32_BIT_CONVERSION = YES;
				GCC_WARN_ABOUT_RETURN_TYPE = YES_ERROR;
				GCC_WARN_UNDECLARED_SELECTOR = YES;
				GCC_WARN_UNINITIALIZED_AUTOS = YES_AGGRESSIVE;
				GCC_WARN_UNUSED_FUNCTION = YES;
				GCC_WARN_UNUSED_VARIABLE = YES;
				IPHONEOS_DEPLOYMENT_TARGET = 8.3;
				MTL_ENABLE_DEBUG_INFO = YES;
				ONLY_ACTIVE_ARCH = YES;
				SDKROOT = iphoneos;
			};
			name = Debug;
		};
		0FC527E31B0E118700F0AA44 /* Release */ = {
			isa = XCBuildConfiguration;
			buildSettings = {
				ALWAYS_SEARCH_USER_PATHS = NO;
				CLANG_CXX_LANGUAGE_STANDARD = "gnu++0x";
				CLANG_CXX_LIBRARY = "libc++";
				CLANG_ENABLE_MODULES = YES;
				CLANG_ENABLE_OBJC_ARC = YES;
				CLANG_WARN_BOOL_CONVERSION = YES;
				CLANG_WARN_CONSTANT_CONVERSION = YES;
				CLANG_WARN_DIRECT_OBJC_ISA_USAGE = YES_ERROR;
				CLANG_WARN_EMPTY_BODY = YES;
				CLANG_WARN_ENUM_CONVERSION = YES;
				CLANG_WARN_INT_CONVERSION = YES;
				CLANG_WARN_OBJC_ROOT_CLASS = YES_ERROR;
				CLANG_WARN_UNREACHABLE_CODE = YES;
				CLANG_WARN__DUPLICATE_METHOD_MATCH = YES;
				"CODE_SIGN_IDENTITY[sdk=iphoneos*]" = "iPhone Developer";
				COPY_PHASE_STRIP = NO;
				DEBUG_INFORMATION_FORMAT = "dwarf-with-dsym";
				ENABLE_NS_ASSERTIONS = NO;
				ENABLE_STRICT_OBJC_MSGSEND = YES;
				GCC_C_LANGUAGE_STANDARD = gnu99;
				GCC_NO_COMMON_BLOCKS = YES;
				GCC_WARN_64_TO_32_BIT_CONVERSION = YES;
				GCC_WARN_ABOUT_RETURN_TYPE = YES_ERROR;
				GCC_WARN_UNDECLARED_SELECTOR = YES;
				GCC_WARN_UNINITIALIZED_AUTOS = YES_AGGRESSIVE;
				GCC_WARN_UNUSED_FUNCTION = YES;
				GCC_WARN_UNUSED_VARIABLE = YES;
				IPHONEOS_DEPLOYMENT_TARGET = 8.3;
				MTL_ENABLE_DEBUG_INFO = NO;
				SDKROOT = iphoneos;
				VALIDATE_PRODUCT = YES;
			};
			name = Release;
		};
		0FC527E51B0E118700F0AA44 /* Debug */ = {
			isa = XCBuildConfiguration;
			buildSettings = {
				ASSETCATALOG_COMPILER_APPICON_NAME = AppIcon;
				ASSETCATALOG_COMPILER_LAUNCHIMAGE_NAME = LaunchImage;
				COPY_PHASE_STRIP = NO;
				FRAMEWORK_SEARCH_PATHS = (
					"$(inherited)",
					/Users/hadi/Downloads,
					/Users/batool/Downloads,
				);
				INFOPLIST_FILE = iOSHacker/Info.plist;
				LD_RUNPATH_SEARCH_PATHS = "$(inherited) @executable_path/Frameworks";
				ONLY_ACTIVE_ARCH = YES;
				"OTHER_LDFLAGS[arch=*]" = "-ObjC";
				PRODUCT_NAME = "$(TARGET_NAME)";
				STRIP_INSTALLED_PRODUCT = NO;
			};
			name = Debug;
		};
		0FC527E61B0E118700F0AA44 /* Release */ = {
			isa = XCBuildConfiguration;
			buildSettings = {
				ASSETCATALOG_COMPILER_APPICON_NAME = AppIcon;
				ASSETCATALOG_COMPILER_LAUNCHIMAGE_NAME = LaunchImage;
				COPY_PHASE_STRIP = NO;
				FRAMEWORK_SEARCH_PATHS = (
					"$(inherited)",
					/Users/hadi/Downloads,
					/Users/batool/Downloads,
				);
				INFOPLIST_FILE = iOSHacker/Info.plist;
				LD_RUNPATH_SEARCH_PATHS = "$(inherited) @executable_path/Frameworks";
				ONLY_ACTIVE_ARCH = YES;
				"OTHER_LDFLAGS[arch=*]" = "-all_load";
				PRODUCT_NAME = "$(TARGET_NAME)";
				STRIP_INSTALLED_PRODUCT = NO;
			};
			name = Release;
		};
		0FC527E81B0E118700F0AA44 /* Debug */ = {
			isa = XCBuildConfiguration;
			buildSettings = {
				BUNDLE_LOADER = "$(TEST_HOST)";
				FRAMEWORK_SEARCH_PATHS = (
					"$(SDKROOT)/Developer/Library/Frameworks",
					"$(inherited)",
				);
				GCC_PREPROCESSOR_DEFINITIONS = (
					"DEBUG=1",
					"$(inherited)",
				);
				INFOPLIST_FILE = iOSHackerTests/Info.plist;
				LD_RUNPATH_SEARCH_PATHS = "$(inherited) @executable_path/Frameworks @loader_path/Frameworks";
				PRODUCT_NAME = "$(TARGET_NAME)";
				TEST_HOST = "$(BUILT_PRODUCTS_DIR)/iOSHacker.app/iOSHacker";
			};
			name = Debug;
		};
		0FC527E91B0E118700F0AA44 /* Release */ = {
			isa = XCBuildConfiguration;
			buildSettings = {
				BUNDLE_LOADER = "$(TEST_HOST)";
				FRAMEWORK_SEARCH_PATHS = (
					"$(SDKROOT)/Developer/Library/Frameworks",
					"$(inherited)",
				);
				INFOPLIST_FILE = iOSHackerTests/Info.plist;
				LD_RUNPATH_SEARCH_PATHS = "$(inherited) @executable_path/Frameworks @loader_path/Frameworks";
				PRODUCT_NAME = "$(TARGET_NAME)";
				TEST_HOST = "$(BUILT_PRODUCTS_DIR)/iOSHacker.app/iOSHacker";
			};
			name = Release;
		};
		0FF007BE1B2421B5000CE24B /* Debug */ = {
			isa = XCBuildConfiguration;
			buildSettings = {
				GCC_PREPROCESSOR_DEFINITIONS = (
					"DEBUG=1",
					"$(inherited)",
				);
				INFOPLIST_FILE = iOSHackerToday/Info.plist;
				IPHONEOS_DEPLOYMENT_TARGET = 8.4;
				LD_RUNPATH_SEARCH_PATHS = "$(inherited) @executable_path/Frameworks @executable_path/../../Frameworks";
				PRODUCT_NAME = "$(TARGET_NAME)";
				SKIP_INSTALL = YES;
			};
			name = Debug;
		};
		0FF007BF1B2421B5000CE24B /* Release */ = {
			isa = XCBuildConfiguration;
			buildSettings = {
				INFOPLIST_FILE = iOSHackerToday/Info.plist;
				IPHONEOS_DEPLOYMENT_TARGET = 8.4;
				LD_RUNPATH_SEARCH_PATHS = "$(inherited) @executable_path/Frameworks @executable_path/../../Frameworks";
				PRODUCT_NAME = "$(TARGET_NAME)";
				SKIP_INSTALL = YES;
			};
			name = Release;
		};
/* End XCBuildConfiguration section */

/* Begin XCConfigurationList section */
		0FC527BC1B0E118600F0AA44 /* Build configuration list for PBXProject "iOSHacker" */ = {
			isa = XCConfigurationList;
			buildConfigurations = (
				0FC527E21B0E118700F0AA44 /* Debug */,
				0FC527E31B0E118700F0AA44 /* Release */,
			);
			defaultConfigurationIsVisible = 0;
			defaultConfigurationName = Release;
		};
		0FC527E41B0E118700F0AA44 /* Build configuration list for PBXNativeTarget "iOSHacker" */ = {
			isa = XCConfigurationList;
			buildConfigurations = (
				0FC527E51B0E118700F0AA44 /* Debug */,
				0FC527E61B0E118700F0AA44 /* Release */,
			);
			defaultConfigurationIsVisible = 0;
			defaultConfigurationName = Release;
		};
		0FC527E71B0E118700F0AA44 /* Build configuration list for PBXNativeTarget "iOSHackerTests" */ = {
			isa = XCConfigurationList;
			buildConfigurations = (
				0FC527E81B0E118700F0AA44 /* Debug */,
				0FC527E91B0E118700F0AA44 /* Release */,
			);
			defaultConfigurationIsVisible = 0;
			defaultConfigurationName = Release;
		};
		0FF007BD1B2421B5000CE24B /* Build configuration list for PBXNativeTarget "iOSHackerToday" */ = {
			isa = XCConfigurationList;
			buildConfigurations = (
				0FF007BE1B2421B5000CE24B /* Debug */,
				0FF007BF1B2421B5000CE24B /* Release */,
			);
			defaultConfigurationIsVisible = 0;
			defaultConfigurationName = Release;
		};
/* End XCConfigurationList section */
	};
	rootObject = 0FC527B91B0E118600F0AA44 /* Project object */;
}
